
Microsoft Visual Studio Solution File, Format Version 12.00
# Visual Studio 15
VisualStudioVersion = 15.0.27130.2010
MinimumVisualStudioVersion = 10.0.40219.1
Project("{FAE04EC0-301F-11D3-BF4B-00C04F79EFBC}") = "Monkeyspeak", "Monkeyspeak\Monkeyspeak.csproj", "{925781E6-8B75-471B-887F-616495BBBFDD}"
EndProject
Project("{2150E333-8FDC-42A3-9474-1A3956D46DE8}") = "Solution Items", "Solution Items", "{36738DD3-4CE5-4877-AC28-D14E16160FA0}"
	ProjectSection(SolutionItems) = preProject
		.travis.yml = .travis.yml
		appveyor.yml = appveyor.yml
		Monkeyspeak.vsmdi = Monkeyspeak.vsmdi
		README.md = README.md
	EndProjectSection
EndProject
Project("{FAE04EC0-301F-11D3-BF4B-00C04F79EFBC}") = "msxc", "msxc\msxc.csproj", "{DF4E5C1B-02E6-4C72-A96C-D5397F84E59F}"
EndProject
Project("{2150E333-8FDC-42A3-9474-1A3956D46DE8}") = "wiki", "wiki", "{EBF2C0FE-BE42-4EF3-A9F2-7C8E197081A8}"
	ProjectSection(SolutionItems) = preProject
		wiki\Compiler.md = wiki\Compiler.md
		wiki\Libraries.md = wiki\Libraries.md
		wiki\Strings.md = wiki\Strings.md
		wiki\Triggers.md = wiki\Triggers.md
		wiki\Variables.md = wiki\Variables.md
	EndProjectSection
EndProject
Project("{FAE04EC0-301F-11D3-BF4B-00C04F79EFBC}") = "Monkeyspeak.Tests", "Monkeyspeak.Tests\Monkeyspeak.Tests.csproj", "{8EDF4429-251A-416D-BB68-93F227191BCF}"
EndProject
Project("{FAE04EC0-301F-11D3-BF4B-00C04F79EFBC}") = "Monkeyspeak Editor", "Monkeyspeak Editor\Monkeyspeak Editor.csproj", "{6E721058-940A-445C-9141-32034944F5FD}"
EndProject
Project("{FAE04EC0-301F-11D3-BF4B-00C04F79EFBC}") = "Monkeyspeak.Editor.Plugins", "Monkeyspeak.Editor.Plugins\Monkeyspeak.Editor.Plugins.csproj", "{3429D7EE-1715-4FF4-A686-2614E255D8F7}"
EndProject
Project("{FAE04EC0-301F-11D3-BF4B-00C04F79EFBC}") = "Monkeyspeak.Editor.Interfaces", "Monkeyspeak.Editor.Interfaces\Monkeyspeak.Editor.Interfaces.csproj", "{CF6EA88D-BEE4-4DEB-A4D1-CA6D6E263AC6}"
EndProject
Project("{FAE04EC0-301F-11D3-BF4B-00C04F79EFBC}") = "Monkeyspeak.Test.Plugin", "Monkeyspeak.Test.Plugin\Monkeyspeak.Test.Plugin.csproj", "{CD0BBFF2-6A84-4926-9E57-DA2AA8CAD6A4}"
EndProject
Global
	GlobalSection(SolutionConfigurationPlatforms) = preSolution
		Debug|Any CPU = Debug|Any CPU
		Debug|Mixed Platforms = Debug|Mixed Platforms
		Debug|x64 = Debug|x64
		Debug|x86 = Debug|x86
		Release|Any CPU = Release|Any CPU
		Release|Mixed Platforms = Release|Mixed Platforms
		Release|x64 = Release|x64
		Release|x86 = Release|x86
	EndGlobalSection
	GlobalSection(ProjectConfigurationPlatforms) = postSolution
		{925781E6-8B75-471B-887F-616495BBBFDD}.Debug|Any CPU.ActiveCfg = Debug|Any CPU
		{925781E6-8B75-471B-887F-616495BBBFDD}.Debug|Any CPU.Build.0 = Debug|Any CPU
		{925781E6-8B75-471B-887F-616495BBBFDD}.Debug|Mixed Platforms.ActiveCfg = Debug|Any CPU
		{925781E6-8B75-471B-887F-616495BBBFDD}.Debug|Mixed Platforms.Build.0 = Debug|Any CPU
		{925781E6-8B75-471B-887F-616495BBBFDD}.Debug|x64.ActiveCfg = Debug|x64
		{925781E6-8B75-471B-887F-616495BBBFDD}.Debug|x64.Build.0 = Debug|x64
		{925781E6-8B75-471B-887F-616495BBBFDD}.Debug|x86.ActiveCfg = Debug|Any CPU
		{925781E6-8B75-471B-887F-616495BBBFDD}.Debug|x86.Build.0 = Debug|Any CPU
		{925781E6-8B75-471B-887F-616495BBBFDD}.Release|Any CPU.ActiveCfg = Release|Any CPU
		{925781E6-8B75-471B-887F-616495BBBFDD}.Release|Any CPU.Build.0 = Release|Any CPU
		{925781E6-8B75-471B-887F-616495BBBFDD}.Release|Mixed Platforms.ActiveCfg = Release|Any CPU
		{925781E6-8B75-471B-887F-616495BBBFDD}.Release|Mixed Platforms.Build.0 = Release|Any CPU
		{925781E6-8B75-471B-887F-616495BBBFDD}.Release|x64.ActiveCfg = Release|x64
		{925781E6-8B75-471B-887F-616495BBBFDD}.Release|x64.Build.0 = Release|x64
		{925781E6-8B75-471B-887F-616495BBBFDD}.Release|x86.ActiveCfg = Release|Any CPU
		{DF4E5C1B-02E6-4C72-A96C-D5397F84E59F}.Debug|Any CPU.ActiveCfg = Debug|Any CPU
		{DF4E5C1B-02E6-4C72-A96C-D5397F84E59F}.Debug|Any CPU.Build.0 = Debug|Any CPU
		{DF4E5C1B-02E6-4C72-A96C-D5397F84E59F}.Debug|Mixed Platforms.ActiveCfg = Debug|x86
		{DF4E5C1B-02E6-4C72-A96C-D5397F84E59F}.Debug|Mixed Platforms.Build.0 = Debug|x86
		{DF4E5C1B-02E6-4C72-A96C-D5397F84E59F}.Debug|x64.ActiveCfg = Debug|x64
		{DF4E5C1B-02E6-4C72-A96C-D5397F84E59F}.Debug|x64.Build.0 = Debug|x64
		{DF4E5C1B-02E6-4C72-A96C-D5397F84E59F}.Debug|x86.ActiveCfg = Debug|x86
		{DF4E5C1B-02E6-4C72-A96C-D5397F84E59F}.Debug|x86.Build.0 = Debug|x86
		{DF4E5C1B-02E6-4C72-A96C-D5397F84E59F}.Release|Any CPU.ActiveCfg = Release|Any CPU
		{DF4E5C1B-02E6-4C72-A96C-D5397F84E59F}.Release|Mixed Platforms.ActiveCfg = Release|x86
		{DF4E5C1B-02E6-4C72-A96C-D5397F84E59F}.Release|Mixed Platforms.Build.0 = Release|x86
		{DF4E5C1B-02E6-4C72-A96C-D5397F84E59F}.Release|x64.ActiveCfg = Release|x64
		{DF4E5C1B-02E6-4C72-A96C-D5397F84E59F}.Release|x86.ActiveCfg = Release|x86
		{DF4E5C1B-02E6-4C72-A96C-D5397F84E59F}.Release|x86.Build.0 = Release|x86
		{8EDF4429-251A-416D-BB68-93F227191BCF}.Debug|Any CPU.ActiveCfg = Debug|Any CPU
		{8EDF4429-251A-416D-BB68-93F227191BCF}.Debug|Any CPU.Build.0 = Debug|Any CPU
		{8EDF4429-251A-416D-BB68-93F227191BCF}.Debug|Mixed Platforms.ActiveCfg = Debug|Any CPU
		{8EDF4429-251A-416D-BB68-93F227191BCF}.Debug|Mixed Platforms.Build.0 = Debug|Any CPU
		{8EDF4429-251A-416D-BB68-93F227191BCF}.Debug|x64.ActiveCfg = Debug|Any CPU
		{8EDF4429-251A-416D-BB68-93F227191BCF}.Debug|x64.Build.0 = Debug|Any CPU
		{8EDF4429-251A-416D-BB68-93F227191BCF}.Debug|x86.ActiveCfg = Debug|Any CPU
		{8EDF4429-251A-416D-BB68-93F227191BCF}.Debug|x86.Build.0 = Debug|Any CPU
		{8EDF4429-251A-416D-BB68-93F227191BCF}.Release|Any CPU.ActiveCfg = Release|Any CPU
		{8EDF4429-251A-416D-BB68-93F227191BCF}.Release|Any CPU.Build.0 = Release|Any CPU
		{8EDF4429-251A-416D-BB68-93F227191BCF}.Release|Mixed Platforms.ActiveCfg = Release|Any CPU
		{8EDF4429-251A-416D-BB68-93F227191BCF}.Release|Mixed Platforms.Build.0 = Release|Any CPU
		{8EDF4429-251A-416D-BB68-93F227191BCF}.Release|x64.ActiveCfg = Release|Any CPU
		{8EDF4429-251A-416D-BB68-93F227191BCF}.Release|x64.Build.0 = Release|Any CPU
		{8EDF4429-251A-416D-BB68-93F227191BCF}.Release|x86.ActiveCfg = Release|Any CPU
		{8EDF4429-251A-416D-BB68-93F227191BCF}.Release|x86.Build.0 = Release|Any CPU
		{6E721058-940A-445C-9141-32034944F5FD}.Debug|Any CPU.ActiveCfg = Debug|Any CPU
		{6E721058-940A-445C-9141-32034944F5FD}.Debug|Any CPU.Build.0 = Debug|Any CPU
		{6E721058-940A-445C-9141-32034944F5FD}.Debug|Mixed Platforms.ActiveCfg = Debug|Any CPU
		{6E721058-940A-445C-9141-32034944F5FD}.Debug|Mixed Platforms.Build.0 = Debug|Any CPU
		{6E721058-940A-445C-9141-32034944F5FD}.Debug|x64.ActiveCfg = Debug|Any CPU
		{6E721058-940A-445C-9141-32034944F5FD}.Debug|x64.Build.0 = Debug|Any CPU
		{6E721058-940A-445C-9141-32034944F5FD}.Debug|x86.ActiveCfg = Debug|Any CPU
		{6E721058-940A-445C-9141-32034944F5FD}.Debug|x86.Build.0 = Debug|Any CPU
		{6E721058-940A-445C-9141-32034944F5FD}.Release|Any CPU.ActiveCfg = Release|Any CPU
		{6E721058-940A-445C-9141-32034944F5FD}.Release|Any CPU.Build.0 = Release|Any CPU
		{6E721058-940A-445C-9141-32034944F5FD}.Release|Mixed Platforms.ActiveCfg = Release|Any CPU
		{6E721058-940A-445C-9141-32034944F5FD}.Release|Mixed Platforms.Build.0 = Release|Any CPU
		{6E721058-940A-445C-9141-32034944F5FD}.Release|x64.ActiveCfg = Release|Any CPU
		{6E721058-940A-445C-9141-32034944F5FD}.Release|x64.Build.0 = Release|Any CPU
		{6E721058-940A-445C-9141-32034944F5FD}.Release|x86.ActiveCfg = Release|Any CPU
		{6E721058-940A-445C-9141-32034944F5FD}.Release|x86.Build.0 = Release|Any CPU
		{3429D7EE-1715-4FF4-A686-2614E255D8F7}.Debug|Any CPU.ActiveCfg = Debug|Any CPU
		{3429D7EE-1715-4FF4-A686-2614E255D8F7}.Debug|Any CPU.Build.0 = Debug|Any CPU
		{3429D7EE-1715-4FF4-A686-2614E255D8F7}.Debug|Mixed Platforms.ActiveCfg = Debug|Any CPU
		{3429D7EE-1715-4FF4-A686-2614E255D8F7}.Debug|Mixed Platforms.Build.0 = Debug|Any CPU
		{3429D7EE-1715-4FF4-A686-2614E255D8F7}.Debug|x64.ActiveCfg = Debug|Any CPU
		{3429D7EE-1715-4FF4-A686-2614E255D8F7}.Debug|x64.Build.0 = Debug|Any CPU
		{3429D7EE-1715-4FF4-A686-2614E255D8F7}.Debug|x86.ActiveCfg = Debug|Any CPU
		{3429D7EE-1715-4FF4-A686-2614E255D8F7}.Debug|x86.Build.0 = Debug|Any CPU
		{3429D7EE-1715-4FF4-A686-2614E255D8F7}.Release|Any CPU.ActiveCfg = Release|Any CPU
		{3429D7EE-1715-4FF4-A686-2614E255D8F7}.Release|Any CPU.Build.0 = Release|Any CPU
		{3429D7EE-1715-4FF4-A686-2614E255D8F7}.Release|Mixed Platforms.ActiveCfg = Release|Any CPU
		{3429D7EE-1715-4FF4-A686-2614E255D8F7}.Release|Mixed Platforms.Build.0 = Release|Any CPU
		{3429D7EE-1715-4FF4-A686-2614E255D8F7}.Release|x64.ActiveCfg = Release|Any CPU
		{3429D7EE-1715-4FF4-A686-2614E255D8F7}.Release|x64.Build.0 = Release|Any CPU
		{3429D7EE-1715-4FF4-A686-2614E255D8F7}.Release|x86.ActiveCfg = Release|Any CPU
		{3429D7EE-1715-4FF4-A686-2614E255D8F7}.Release|x86.Build.0 = Release|Any CPU
		{CF6EA88D-BEE4-4DEB-A4D1-CA6D6E263AC6}.Debug|Any CPU.ActiveCfg = Debug|Any CPU
		{CF6EA88D-BEE4-4DEB-A4D1-CA6D6E263AC6}.Debug|Any CPU.Build.0 = Debug|Any CPU
		{CF6EA88D-BEE4-4DEB-A4D1-CA6D6E263AC6}.Debug|Mixed Platforms.ActiveCfg = Debug|Any CPU
		{CF6EA88D-BEE4-4DEB-A4D1-CA6D6E263AC6}.Debug|Mixed Platforms.Build.0 = Debug|Any CPU
		{CF6EA88D-BEE4-4DEB-A4D1-CA6D6E263AC6}.Debug|x64.ActiveCfg = Debug|Any CPU
		{CF6EA88D-BEE4-4DEB-A4D1-CA6D6E263AC6}.Debug|x64.Build.0 = Debug|Any CPU
		{CF6EA88D-BEE4-4DEB-A4D1-CA6D6E263AC6}.Debug|x86.ActiveCfg = Debug|Any CPU
		{CF6EA88D-BEE4-4DEB-A4D1-CA6D6E263AC6}.Debug|x86.Build.0 = Debug|Any CPU
		{CF6EA88D-BEE4-4DEB-A4D1-CA6D6E263AC6}.Release|Any CPU.ActiveCfg = Release|Any CPU
		{CF6EA88D-BEE4-4DEB-A4D1-CA6D6E263AC6}.Release|Any CPU.Build.0 = Release|Any CPU
		{CF6EA88D-BEE4-4DEB-A4D1-CA6D6E263AC6}.Release|Mixed Platforms.ActiveCfg = Release|Any CPU
		{CF6EA88D-BEE4-4DEB-A4D1-CA6D6E263AC6}.Release|Mixed Platforms.Build.0 = Release|Any CPU
		{CF6EA88D-BEE4-4DEB-A4D1-CA6D6E263AC6}.Release|x64.ActiveCfg = Release|Any CPU
		{CF6EA88D-BEE4-4DEB-A4D1-CA6D6E263AC6}.Release|x64.Build.0 = Release|Any CPU
		{CF6EA88D-BEE4-4DEB-A4D1-CA6D6E263AC6}.Release|x86.ActiveCfg = Release|Any CPU
		{CF6EA88D-BEE4-4DEB-A4D1-CA6D6E263AC6}.Release|x86.Build.0 = Release|Any CPU
		{CD0BBFF2-6A84-4926-9E57-DA2AA8CAD6A4}.Debug|Any CPU.ActiveCfg = Debug|Any CPU
		{CD0BBFF2-6A84-4926-9E57-DA2AA8CAD6A4}.Debug|Any CPU.Build.0 = Debug|Any CPU
		{CD0BBFF2-6A84-4926-9E57-DA2AA8CAD6A4}.Debug|Mixed Platforms.ActiveCfg = Debug|Any CPU
		{CD0BBFF2-6A84-4926-9E57-DA2AA8CAD6A4}.Debug|Mixed Platforms.Build.0 = Debug|Any CPU
		{CD0BBFF2-6A84-4926-9E57-DA2AA8CAD6A4}.Debug|x64.ActiveCfg = Debug|Any CPU
		{CD0BBFF2-6A84-4926-9E57-DA2AA8CAD6A4}.Debug|x64.Build.0 = Debug|Any CPU
		{CD0BBFF2-6A84-4926-9E57-DA2AA8CAD6A4}.Debug|x86.ActiveCfg = Debug|Any CPU
		{CD0BBFF2-6A84-4926-9E57-DA2AA8CAD6A4}.Debug|x86.Build.0 = Debug|Any CPU
		{CD0BBFF2-6A84-4926-9E57-DA2AA8CAD6A4}.Release|Any CPU.ActiveCfg = Release|Any CPU
		{CD0BBFF2-6A84-4926-9E57-DA2AA8CAD6A4}.Release|Any CPU.Build.0 = Release|Any CPU
		{CD0BBFF2-6A84-4926-9E57-DA2AA8CAD6A4}.Release|Mixed Platforms.ActiveCfg = Release|Any CPU
		{CD0BBFF2-6A84-4926-9E57-DA2AA8CAD6A4}.Release|Mixed Platforms.Build.0 = Release|Any CPU
		{CD0BBFF2-6A84-4926-9E57-DA2AA8CAD6A4}.Release|x64.ActiveCfg = Release|Any CPU
		{CD0BBFF2-6A84-4926-9E57-DA2AA8CAD6A4}.Release|x64.Build.0 = Release|Any CPU
		{CD0BBFF2-6A84-4926-9E57-DA2AA8CAD6A4}.Release|x86.ActiveCfg = Release|Any CPU
		{CD0BBFF2-6A84-4926-9E57-DA2AA8CAD6A4}.Release|x86.Build.0 = Release|Any CPU
	EndGlobalSection
	GlobalSection(SolutionProperties) = preSolution
		HideSolutionNode = FALSE
	EndGlobalSection
	GlobalSection(NestedProjects) = preSolution
		{EBF2C0FE-BE42-4EF3-A9F2-7C8E197081A8} = {36738DD3-4CE5-4877-AC28-D14E16160FA0}
	EndGlobalSection
	GlobalSection(ExtensibilityGlobals) = postSolution
		SolutionGuid = {209988D3-8881-4D11-A026-C6E1C6AE7FD1}
	EndGlobalSection
	GlobalSection(SubversionScc) = preSolution
		Svn-Managed = True
		Manager = AnkhSVN - Subversion Support for Visual Studio
	EndGlobalSection
	GlobalSection(TestCaseManagementSettings) = postSolution
		CategoryFile = Monkeyspeak.vsmdi
	EndGlobalSection
EndGlobal
